
Microsoft Visual Studio Solution File, Format Version 12.00
# Visual Studio Version 17
VisualStudioVersion = 17.11.35208.52
MinimumVisualStudioVersion = 10.0.40219.1
Project("{9A19103F-16F7-4668-BE54-9A1E7A4F7556}") = "Zuko.API", "src\Zuko.API\Zuko.API.csproj", "{1BE3090F-9952-4341-88FE-FA63E25AFC08}"
EndProject
Project("{9A19103F-16F7-4668-BE54-9A1E7A4F7556}") = "Zuko.API.Tests", "tests\Zuko.API.Tests\Zuko.API.Tests.csproj", "{89DEBFF6-5E07-4B28-866C-BD08A6B16C08}"
EndProject
Global
	GlobalSection(SolutionConfigurationPlatforms) = preSolution
		Debug|Any CPU = Debug|Any CPU
		Release|Any CPU = Release|Any CPU
	EndGlobalSection
	GlobalSection(ProjectConfigurationPlatforms) = postSolution
		{1BE3090F-9952-4341-88FE-FA63E25AFC08}.Debug|Any CPU.ActiveCfg = Debug|Any CPU
		{1BE3090F-9952-4341-88FE-FA63E25AFC08}.Debug|Any CPU.Build.0 = Debug|Any CPU
		{1BE3090F-9952-4341-88FE-FA63E25AFC08}.Release|Any CPU.ActiveCfg = Release|Any CPU
		{1BE3090F-9952-4341-88FE-FA63E25AFC08}.Release|Any CPU.Build.0 = Release|Any CPU
		{89DEBFF6-5E07-4B28-866C-BD08A6B16C08}.Debug|Any CPU.ActiveCfg = Debug|Any CPU
		{89DEBFF6-5E07-4B28-866C-BD08A6B16C08}.Debug|Any CPU.Build.0 = Debug|Any CPU
		{89DEBFF6-5E07-4B28-866C-BD08A6B16C08}.Release|Any CPU.ActiveCfg = Release|Any CPU
		{89DEBFF6-5E07-4B28-866C-BD08A6B16C08}.Release|Any CPU.Build.0 = Release|Any CPU
	EndGlobalSection
	GlobalSection(SolutionProperties) = preSolution
		HideSolutionNode = FALSE
	EndGlobalSection
	GlobalSection(ExtensibilityGlobals) = postSolution
		SolutionGuid = {7408EC17-00AE-46AA-831F-B0C36D98ED7C}
	EndGlobalSection
EndGlobal
